
Microsoft Visual Studio Solution File, Format Version 12.00
# Visual Studio Version 17
VisualStudioVersion = 17.1.32421.90
MinimumVisualStudioVersion = 10.0.40219.1
Project("{FAE04EC0-301F-11D3-BF4B-00C04F79EFBC}") = "Patcher", "src\Patcher\Patcher.csproj", "{A8DBAE62-CECC-4F34-A92B-9F0FFCF4EA6F}"
EndProject
Project("{FAE04EC0-301F-11D3-BF4B-00C04F79EFBC}") = "Patcher.Tests.Unit", "src\Patcher.Tests.Unit\Patcher.Tests.Unit.csproj", "{A118840C-003E-4C3B-8368-AF7AA83E32D6}"
EndProject
Global
	GlobalSection(SolutionConfigurationPlatforms) = preSolution
		Debug|Any CPU = Debug|Any CPU
		Release|Any CPU = Release|Any CPU
	EndGlobalSection
	GlobalSection(ProjectConfigurationPlatforms) = postSolution
		{A8DBAE62-CECC-4F34-A92B-9F0FFCF4EA6F}.Debug|Any CPU.ActiveCfg = Debug|Any CPU
		{A8DBAE62-CECC-4F34-A92B-9F0FFCF4EA6F}.Debug|Any CPU.Build.0 = Debug|Any CPU
		{A8DBAE62-CECC-4F34-A92B-9F0FFCF4EA6F}.Release|Any CPU.ActiveCfg = Release|Any CPU
		{A8DBAE62-CECC-4F34-A92B-9F0FFCF4EA6F}.Release|Any CPU.Build.0 = Release|Any CPU
		{A118840C-003E-4C3B-8368-AF7AA83E32D6}.Debug|Any CPU.ActiveCfg = Debug|Any CPU
		{A118840C-003E-4C3B-8368-AF7AA83E32D6}.Debug|Any CPU.Build.0 = Debug|Any CPU
		{A118840C-003E-4C3B-8368-AF7AA83E32D6}.Release|Any CPU.ActiveCfg = Release|Any CPU
		{A118840C-003E-4C3B-8368-AF7AA83E32D6}.Release|Any CPU.Build.0 = Release|Any CPU
	EndGlobalSection
	GlobalSection(SolutionProperties) = preSolution
		HideSolutionNode = FALSE
	EndGlobalSection
EndGlobal
